# This file was autogenerated by Stack.
# You should not edit this file by hand.
# For more information, please see the documentation at:
#   https://docs.haskellstack.org/en/stable/lock_files

packages:
- completed:
    hackage: th-compat-0.1.3@sha256:a16dd922947a6877defe52c4c38d1ab48ed3f85a826930f5d1a568741d619993,2888
    pantry-tree:
      size: 530
      sha256: 5e622d5a4b2a759ab91b6c5fa18418e470c361f34bbab2628e44104829e2ad1c
  original:
    hackage: th-compat-0.1.3@sha256:a16dd922947a6877defe52c4c38d1ab48ed3f85a826930f5d1a568741d619993,2888
snapshots:
- completed:
    size: 530595
    url: https://raw.githubusercontent.com/commercialhaskell/stackage-snapshots/master/nightly/2020/6/3.yaml
    sha256: 635a04c2cd77552d5452b70fa42207cdb3e079ddc033173f3b1ba8c1b010478a
  original: nightly-2020-06-03
